
Microsoft Visual Studio Solution File, Format Version 12.00
# Visual Studio Version 17
VisualStudioVersion = 17.9.34701.34
MinimumVisualStudioVersion = 10.0.40219.1
Project("{8BC9CEB8-8B4A-11D0-8D11-00A0C91BC942}") = "08_static_friend_연산자중복", "08_static_friend_연산자중복.vcxproj", "{7CA3891F-392B-481A-806F-F8FD97D85EAF}"
EndProject
Global
	GlobalSection(SolutionConfigurationPlatforms) = preSolution
		Debug|x64 = Debug|x64
		Debug|x86 = Debug|x86
		Release|x64 = Release|x64
		Release|x86 = Release|x86
	EndGlobalSection
	GlobalSection(ProjectConfigurationPlatforms) = postSolution
		{7CA3891F-392B-481A-806F-F8FD97D85EAF}.Debug|x64.ActiveCfg = Debug|x64
		{7CA3891F-392B-481A-806F-F8FD97D85EAF}.Debug|x64.Build.0 = Debug|x64
		{7CA3891F-392B-481A-806F-F8FD97D85EAF}.Debug|x86.ActiveCfg = Debug|Win32
		{7CA3891F-392B-481A-806F-F8FD97D85EAF}.Debug|x86.Build.0 = Debug|Win32
		{7CA3891F-392B-481A-806F-F8FD97D85EAF}.Release|x64.ActiveCfg = Release|x64
		{7CA3891F-392B-481A-806F-F8FD97D85EAF}.Release|x64.Build.0 = Release|x64
		{7CA3891F-392B-481A-806F-F8FD97D85EAF}.Release|x86.ActiveCfg = Release|Win32
		{7CA3891F-392B-481A-806F-F8FD97D85EAF}.Release|x86.Build.0 = Release|Win32
	EndGlobalSection
	GlobalSection(SolutionProperties) = preSolution
		HideSolutionNode = FALSE
	EndGlobalSection
	GlobalSection(ExtensibilityGlobals) = postSolution
		SolutionGuid = {7F930322-6E63-4615-90D8-07860250729A}
	EndGlobalSection
EndGlobal
